lockfileVersion: 5.4

specifiers:
  '@hookform/resolvers': ^2.9.6
  react-hook-form: ^7.33.1
  yup: ^0.32.11

dependencies:
  '@hookform/resolvers': 2.9.6_react-hook-form@7.33.1
  react-hook-form: 7.33.1
  yup: 0.32.11

packages:

  /@babel/runtime/7.18.9:
    resolution: {integrity: sha512-lkqXDcvlFT5rvEjiu6+QYO+1GXrEHRo2LOtS7E4GtX5ESIZOgepqsZBVIj6Pv+a6zqsya9VCgiK1KAK4BvJDAw==}
    engines: {node: '>=6.9.0'}
    dependencies:
      regenerator-runtime: 0.13.9
    dev: false

  /@hookform/resolvers/2.9.6_react-hook-form@7.33.1:
    resolution: {integrity: sha512-f4VxF8w9rdX0WsDCk3FW1dGPj/Sj8+1Ulcgtm5ymgWEpbA/fjY+NUDh+L9hftmxDgP8+EJFtF+qFK4gPEXVrVQ==}
    peerDependencies:
      react-hook-form: ^7.0.0
    dependencies:
      react-hook-form: 7.33.1
    dev: false

  /@types/lodash/4.14.182:
    resolution: {integrity: sha512-/THyiqyQAP9AfARo4pF+aCGcyiQ94tX/Is2I7HofNRqoYLgN1PBoOWu2/zTA5zMxzP5EFutMtWtGAFRKUe961Q==}
    dev: false

  /lodash-es/4.17.21:
    resolution: {integrity: sha512-mKnC+QJ9pWVzv+C4/U3rRsHapFfHvQFoFB92e52xeyGMcX6/OlIl78je1u8vePzYZSkkogMPJ2yjxxsb89cxyw==}
    dev: false

  /lodash/4.17.21:
    resolution: {integrity: sha512-v2kDEe57lecTulaDIuNTPy3Ry4gLGJ6Z1O3vE1krgXZNrsQ+LFTGHVxVjcXPs17LhbZVGedAJv8XZ1tvj5FvSg==}
    dev: false

  /nanoclone/0.2.1:
    resolution: {integrity: sha512-wynEP02LmIbLpcYw8uBKpcfF6dmg2vcpKqxeH5UcoKEYdExslsdUA4ugFauuaeYdTB76ez6gJW8XAZ6CgkXYxA==}
    dev: false

  /property-expr/2.0.5:
    resolution: {integrity: sha512-IJUkICM5dP5znhCckHSv30Q4b5/JA5enCtkRHYaOVOAocnH/1BQEYTC5NMfT3AVl/iXKdr3aqQbQn9DxyWknwA==}
    dev: false

  /react-hook-form/7.33.1:
    resolution: {integrity: sha512-ydTfTxEJdvgjCZBj5DDXRc58oTEfnFupEwwTAQ9FSKzykEJkX+3CiAkGtAMiZG7IPWHuzgT6AOBfogiKhUvKgg==}
    engines: {node: '>=12.22.0'}
    peerDependencies:
      react: ^16.8.0 || ^17 || ^18
    dev: false

  /regenerator-runtime/0.13.9:
    resolution: {integrity: sha512-p3VT+cOEgxFsRRA9X4lkI1E+k2/CtnKtU4gcxyaCUreilL/vqI6CdZ3wxVUx3UOUg+gnUOQQcRI7BmSI656MYA==}
    dev: false

  /toposort/2.0.2:
    resolution: {integrity: sha512-0a5EOkAUp8D4moMi2W8ZF8jcga7BgZd91O/yabJCFY8az+XSzeGyTKs0Aoo897iV1Nj6guFq8orWDS96z91oGg==}
    dev: false

  /yup/0.32.11:
    resolution: {integrity: sha512-Z2Fe1bn+eLstG8DRR6FTavGD+MeAwyfmouhHsIUgaADz8jvFKbO/fXc2trJKZg+5EBjh4gGm3iU/t3onKlXHIg==}
    engines: {node: '>=10'}
    dependencies:
      '@babel/runtime': 7.18.9
      '@types/lodash': 4.14.182
      lodash: 4.17.21
      lodash-es: 4.17.21
      nanoclone: 0.2.1
      property-expr: 2.0.5
      toposort: 2.0.2
    dev: false
